
Microsoft Visual Studio Solution File, Format Version 12.00
# Visual Studio 2012
Project("{FAE04EC0-301F-11D3-BF4B-00C04F79EFBC}") = "DemoApp", "DemoApp\DemoApp.csproj", "{DD259442-5A23-453A-9CBF-0C68DD415CDB}"
EndProject
Project("{2150E333-8FDC-42A3-9474-1A3956D46DE8}") = "Modules", "Modules", "{CA486F41-6F88-4386-A733-B56D618A5EF7}"
EndProject
Project("{2150E333-8FDC-42A3-9474-1A3956D46DE8}") = "Shared", "Shared", "{E41E292E-2F13-4CC7-8C87-9DC925CDA5A4}"
EndProject
Project("{FAE04EC0-301F-11D3-BF4B-00C04F79EFBC}") = "Magento", "Modules\Magento\Magento.csproj", "{669F554B-AAA4-478F-948B-FB4906FAE714}"
EndProject
Project("{FAE04EC0-301F-11D3-BF4B-00C04F79EFBC}") = "OSCommerce", "Modules\OSCommerce\OSCommerce.csproj", "{2E524CE5-205A-4615-AB5F-13B9B258D730}"
EndProject
Project("{FAE04EC0-301F-11D3-BF4B-00C04F79EFBC}") = "DemoApp.Infrastructure", "Shared\DemoApp.Infrastructure\DemoApp.Infrastructure.csproj", "{78B04C73-1ED3-4E17-B421-2548D21EF189}"
EndProject
Project("{FAE04EC0-301F-11D3-BF4B-00C04F79EFBC}") = "DemoApp.Interfaces", "Shared\DemoApp.Interfaces\DemoApp.Interfaces.csproj", "{E3FB3381-9A36-4583-B0BB-E3049BDF20D6}"
EndProject
Project("{FAE04EC0-301F-11D3-BF4B-00C04F79EFBC}") = "DemoApp.Utilities", "Shared\DemoApp.Utilities\DemoApp.Utilities.csproj", "{AAEBC95D-C975-466C-BFC6-CED355243F23}"
EndProject
Project("{FAE04EC0-301F-11D3-BF4B-00C04F79EFBC}") = "UserControls", "Modules\UserControls\UserControls.csproj", "{C3781A1F-77CF-4C52-8676-7C26A238DDD3}"
EndProject
Project("{FAE04EC0-301F-11D3-BF4B-00C04F79EFBC}") = "DemoApp.Logging", "Shared\DemoApp.Logging\DemoApp.Logging.csproj", "{21EF6AAC-7468-46D2-BC66-C0D41BC40200}"
EndProject
Global
	GlobalSection(SolutionConfigurationPlatforms) = preSolution
		Debug|Any CPU = Debug|Any CPU
		Release|Any CPU = Release|Any CPU
	EndGlobalSection
	GlobalSection(ProjectConfigurationPlatforms) = postSolution
		{DD259442-5A23-453A-9CBF-0C68DD415CDB}.Debug|Any CPU.ActiveCfg = Debug|Any CPU
		{DD259442-5A23-453A-9CBF-0C68DD415CDB}.Debug|Any CPU.Build.0 = Debug|Any CPU
		{DD259442-5A23-453A-9CBF-0C68DD415CDB}.Release|Any CPU.ActiveCfg = Release|Any CPU
		{DD259442-5A23-453A-9CBF-0C68DD415CDB}.Release|Any CPU.Build.0 = Release|Any CPU
		{669F554B-AAA4-478F-948B-FB4906FAE714}.Debug|Any CPU.ActiveCfg = Debug|Any CPU
		{669F554B-AAA4-478F-948B-FB4906FAE714}.Debug|Any CPU.Build.0 = Debug|Any CPU
		{669F554B-AAA4-478F-948B-FB4906FAE714}.Release|Any CPU.ActiveCfg = Release|Any CPU
		{669F554B-AAA4-478F-948B-FB4906FAE714}.Release|Any CPU.Build.0 = Release|Any CPU
		{2E524CE5-205A-4615-AB5F-13B9B258D730}.Debug|Any CPU.ActiveCfg = Debug|Any CPU
		{2E524CE5-205A-4615-AB5F-13B9B258D730}.Debug|Any CPU.Build.0 = Debug|Any CPU
		{2E524CE5-205A-4615-AB5F-13B9B258D730}.Release|Any CPU.ActiveCfg = Release|Any CPU
		{2E524CE5-205A-4615-AB5F-13B9B258D730}.Release|Any CPU.Build.0 = Release|Any CPU
		{78B04C73-1ED3-4E17-B421-2548D21EF189}.Debug|Any CPU.ActiveCfg = Debug|Any CPU
		{78B04C73-1ED3-4E17-B421-2548D21EF189}.Debug|Any CPU.Build.0 = Debug|Any CPU
		{78B04C73-1ED3-4E17-B421-2548D21EF189}.Release|Any CPU.ActiveCfg = Release|Any CPU
		{78B04C73-1ED3-4E17-B421-2548D21EF189}.Release|Any CPU.Build.0 = Release|Any CPU
		{E3FB3381-9A36-4583-B0BB-E3049BDF20D6}.Debug|Any CPU.ActiveCfg = Debug|Any CPU
		{E3FB3381-9A36-4583-B0BB-E3049BDF20D6}.Debug|Any CPU.Build.0 = Debug|Any CPU
		{E3FB3381-9A36-4583-B0BB-E3049BDF20D6}.Release|Any CPU.ActiveCfg = Release|Any CPU
		{E3FB3381-9A36-4583-B0BB-E3049BDF20D6}.Release|Any CPU.Build.0 = Release|Any CPU
		{AAEBC95D-C975-466C-BFC6-CED355243F23}.Debug|Any CPU.ActiveCfg = Debug|Any CPU
		{AAEBC95D-C975-466C-BFC6-CED355243F23}.Debug|Any CPU.Build.0 = Debug|Any CPU
		{AAEBC95D-C975-466C-BFC6-CED355243F23}.Release|Any CPU.ActiveCfg = Release|Any CPU
		{AAEBC95D-C975-466C-BFC6-CED355243F23}.Release|Any CPU.Build.0 = Release|Any CPU
		{C3781A1F-77CF-4C52-8676-7C26A238DDD3}.Debug|Any CPU.ActiveCfg = Debug|Any CPU
		{C3781A1F-77CF-4C52-8676-7C26A238DDD3}.Debug|Any CPU.Build.0 = Debug|Any CPU
		{C3781A1F-77CF-4C52-8676-7C26A238DDD3}.Release|Any CPU.ActiveCfg = Release|Any CPU
		{C3781A1F-77CF-4C52-8676-7C26A238DDD3}.Release|Any CPU.Build.0 = Release|Any CPU
		{21EF6AAC-7468-46D2-BC66-C0D41BC40200}.Debug|Any CPU.ActiveCfg = Debug|Any CPU
		{21EF6AAC-7468-46D2-BC66-C0D41BC40200}.Debug|Any CPU.Build.0 = Debug|Any CPU
		{21EF6AAC-7468-46D2-BC66-C0D41BC40200}.Release|Any CPU.ActiveCfg = Release|Any CPU
		{21EF6AAC-7468-46D2-BC66-C0D41BC40200}.Release|Any CPU.Build.0 = Release|Any CPU
	EndGlobalSection
	GlobalSection(SolutionProperties) = preSolution
		HideSolutionNode = FALSE
	EndGlobalSection
	GlobalSection(NestedProjects) = preSolution
		{669F554B-AAA4-478F-948B-FB4906FAE714} = {CA486F41-6F88-4386-A733-B56D618A5EF7}
		{2E524CE5-205A-4615-AB5F-13B9B258D730} = {CA486F41-6F88-4386-A733-B56D618A5EF7}
		{C3781A1F-77CF-4C52-8676-7C26A238DDD3} = {CA486F41-6F88-4386-A733-B56D618A5EF7}
		{78B04C73-1ED3-4E17-B421-2548D21EF189} = {E41E292E-2F13-4CC7-8C87-9DC925CDA5A4}
		{E3FB3381-9A36-4583-B0BB-E3049BDF20D6} = {E41E292E-2F13-4CC7-8C87-9DC925CDA5A4}
		{AAEBC95D-C975-466C-BFC6-CED355243F23} = {E41E292E-2F13-4CC7-8C87-9DC925CDA5A4}
		{21EF6AAC-7468-46D2-BC66-C0D41BC40200} = {E41E292E-2F13-4CC7-8C87-9DC925CDA5A4}
	EndGlobalSection
EndGlobal
